
Microsoft Visual Studio Solution File, Format Version 12.00
# Visual Studio 15
VisualStudioVersion = 15.0.27004.2002
MinimumVisualStudioVersion = 10.0.40219.1
Project("{FAE04EC0-301F-11D3-BF4B-00C04F79EFBC}") = "BE", "BE\BE.csproj", "{A2FA3A58-FE63-4F31-81B7-4151E7FB2590}"
EndProject
Project("{FAE04EC0-301F-11D3-BF4B-00C04F79EFBC}") = "DAL", "DAL\DAL.csproj", "{963D6F0C-5482-4C83-A294-6AE05D34C46C}"
EndProject
Project("{FAE04EC0-301F-11D3-BF4B-00C04F79EFBC}") = "BL", "BL\BL.csproj", "{115362E8-E31C-492E-9B2E-E7610A6C1305}"
EndProject
Project("{FAE04EC0-301F-11D3-BF4B-00C04F79EFBC}") = "GUI", "GUI\GUI.csproj", "{B76D937F-B870-447B-87FB-8F5A497BE893}"
EndProject
Global
	GlobalSection(SolutionConfigurationPlatforms) = preSolution
		Debug|Any CPU = Debug|Any CPU
		Debug|ARM = Debug|ARM
		Debug|x64 = Debug|x64
		Debug|x86 = Debug|x86
		Release|Any CPU = Release|Any CPU
		Release|ARM = Release|ARM
		Release|x64 = Release|x64
		Release|x86 = Release|x86
	EndGlobalSection
	GlobalSection(ProjectConfigurationPlatforms) = postSolution
		{A2FA3A58-FE63-4F31-81B7-4151E7FB2590}.Debug|Any CPU.ActiveCfg = Debug|Any CPU
		{A2FA3A58-FE63-4F31-81B7-4151E7FB2590}.Debug|Any CPU.Build.0 = Debug|Any CPU
		{A2FA3A58-FE63-4F31-81B7-4151E7FB2590}.Debug|ARM.ActiveCfg = Debug|ARM
		{A2FA3A58-FE63-4F31-81B7-4151E7FB2590}.Debug|ARM.Build.0 = Debug|ARM
		{A2FA3A58-FE63-4F31-81B7-4151E7FB2590}.Debug|x64.ActiveCfg = Debug|x64
		{A2FA3A58-FE63-4F31-81B7-4151E7FB2590}.Debug|x64.Build.0 = Debug|x64
		{A2FA3A58-FE63-4F31-81B7-4151E7FB2590}.Debug|x86.ActiveCfg = Debug|x86
		{A2FA3A58-FE63-4F31-81B7-4151E7FB2590}.Debug|x86.Build.0 = Debug|x86
		{A2FA3A58-FE63-4F31-81B7-4151E7FB2590}.Release|Any CPU.ActiveCfg = Release|Any CPU
		{A2FA3A58-FE63-4F31-81B7-4151E7FB2590}.Release|Any CPU.Build.0 = Release|Any CPU
		{A2FA3A58-FE63-4F31-81B7-4151E7FB2590}.Release|ARM.ActiveCfg = Release|ARM
		{A2FA3A58-FE63-4F31-81B7-4151E7FB2590}.Release|ARM.Build.0 = Release|ARM
		{A2FA3A58-FE63-4F31-81B7-4151E7FB2590}.Release|x64.ActiveCfg = Release|x64
		{A2FA3A58-FE63-4F31-81B7-4151E7FB2590}.Release|x64.Build.0 = Release|x64
		{A2FA3A58-FE63-4F31-81B7-4151E7FB2590}.Release|x86.ActiveCfg = Release|x86
		{A2FA3A58-FE63-4F31-81B7-4151E7FB2590}.Release|x86.Build.0 = Release|x86
		{963D6F0C-5482-4C83-A294-6AE05D34C46C}.Debug|Any CPU.ActiveCfg = Debug|Any CPU
		{963D6F0C-5482-4C83-A294-6AE05D34C46C}.Debug|Any CPU.Build.0 = Debug|Any CPU
		{963D6F0C-5482-4C83-A294-6AE05D34C46C}.Debug|ARM.ActiveCfg = Debug|ARM
		{963D6F0C-5482-4C83-A294-6AE05D34C46C}.Debug|ARM.Build.0 = Debug|ARM
		{963D6F0C-5482-4C83-A294-6AE05D34C46C}.Debug|x64.ActiveCfg = Debug|x64
		{963D6F0C-5482-4C83-A294-6AE05D34C46C}.Debug|x64.Build.0 = Debug|x64
		{963D6F0C-5482-4C83-A294-6AE05D34C46C}.Debug|x86.ActiveCfg = Debug|x86
		{963D6F0C-5482-4C83-A294-6AE05D34C46C}.Debug|x86.Build.0 = Debug|x86
		{963D6F0C-5482-4C83-A294-6AE05D34C46C}.Release|Any CPU.ActiveCfg = Release|Any CPU
		{963D6F0C-5482-4C83-A294-6AE05D34C46C}.Release|Any CPU.Build.0 = Release|Any CPU
		{963D6F0C-5482-4C83-A294-6AE05D34C46C}.Release|ARM.ActiveCfg = Release|ARM
		{963D6F0C-5482-4C83-A294-6AE05D34C46C}.Release|ARM.Build.0 = Release|ARM
		{963D6F0C-5482-4C83-A294-6AE05D34C46C}.Release|x64.ActiveCfg = Release|x64
		{963D6F0C-5482-4C83-A294-6AE05D34C46C}.Release|x64.Build.0 = Release|x64
		{963D6F0C-5482-4C83-A294-6AE05D34C46C}.Release|x86.ActiveCfg = Release|x86
		{963D6F0C-5482-4C83-A294-6AE05D34C46C}.Release|x86.Build.0 = Release|x86
		{115362E8-E31C-492E-9B2E-E7610A6C1305}.Debug|Any CPU.ActiveCfg = Debug|Any CPU
		{115362E8-E31C-492E-9B2E-E7610A6C1305}.Debug|Any CPU.Build.0 = Debug|Any CPU
		{115362E8-E31C-492E-9B2E-E7610A6C1305}.Debug|ARM.ActiveCfg = Debug|ARM
		{115362E8-E31C-492E-9B2E-E7610A6C1305}.Debug|ARM.Build.0 = Debug|ARM
		{115362E8-E31C-492E-9B2E-E7610A6C1305}.Debug|x64.ActiveCfg = Debug|x64
		{115362E8-E31C-492E-9B2E-E7610A6C1305}.Debug|x64.Build.0 = Debug|x64
		{115362E8-E31C-492E-9B2E-E7610A6C1305}.Debug|x86.ActiveCfg = Debug|x86
		{115362E8-E31C-492E-9B2E-E7610A6C1305}.Debug|x86.Build.0 = Debug|x86
		{115362E8-E31C-492E-9B2E-E7610A6C1305}.Release|Any CPU.ActiveCfg = Release|Any CPU
		{115362E8-E31C-492E-9B2E-E7610A6C1305}.Release|Any CPU.Build.0 = Release|Any CPU
		{115362E8-E31C-492E-9B2E-E7610A6C1305}.Release|ARM.ActiveCfg = Release|ARM
		{115362E8-E31C-492E-9B2E-E7610A6C1305}.Release|ARM.Build.0 = Release|ARM
		{115362E8-E31C-492E-9B2E-E7610A6C1305}.Release|x64.ActiveCfg = Release|x64
		{115362E8-E31C-492E-9B2E-E7610A6C1305}.Release|x64.Build.0 = Release|x64
		{115362E8-E31C-492E-9B2E-E7610A6C1305}.Release|x86.ActiveCfg = Release|x86
		{115362E8-E31C-492E-9B2E-E7610A6C1305}.Release|x86.Build.0 = Release|x86
		{B76D937F-B870-447B-87FB-8F5A497BE893}.Debug|Any CPU.ActiveCfg = Debug|x86
		{B76D937F-B870-447B-87FB-8F5A497BE893}.Debug|ARM.ActiveCfg = Debug|ARM
		{B76D937F-B870-447B-87FB-8F5A497BE893}.Debug|ARM.Build.0 = Debug|ARM
		{B76D937F-B870-447B-87FB-8F5A497BE893}.Debug|ARM.Deploy.0 = Debug|ARM
		{B76D937F-B870-447B-87FB-8F5A497BE893}.Debug|x64.ActiveCfg = Debug|x64
		{B76D937F-B870-447B-87FB-8F5A497BE893}.Debug|x64.Build.0 = Debug|x64
		{B76D937F-B870-447B-87FB-8F5A497BE893}.Debug|x64.Deploy.0 = Debug|x64
		{B76D937F-B870-447B-87FB-8F5A497BE893}.Debug|x86.ActiveCfg = Debug|x86
		{B76D937F-B870-447B-87FB-8F5A497BE893}.Debug|x86.Build.0 = Debug|x86
		{B76D937F-B870-447B-87FB-8F5A497BE893}.Debug|x86.Deploy.0 = Debug|x86
		{B76D937F-B870-447B-87FB-8F5A497BE893}.Release|Any CPU.ActiveCfg = Release|x86
		{B76D937F-B870-447B-87FB-8F5A497BE893}.Release|ARM.ActiveCfg = Release|ARM
		{B76D937F-B870-447B-87FB-8F5A497BE893}.Release|ARM.Build.0 = Release|ARM
		{B76D937F-B870-447B-87FB-8F5A497BE893}.Release|ARM.Deploy.0 = Release|ARM
		{B76D937F-B870-447B-87FB-8F5A497BE893}.Release|x64.ActiveCfg = Release|x64
		{B76D937F-B870-447B-87FB-8F5A497BE893}.Release|x64.Build.0 = Release|x64
		{B76D937F-B870-447B-87FB-8F5A497BE893}.Release|x64.Deploy.0 = Release|x64
		{B76D937F-B870-447B-87FB-8F5A497BE893}.Release|x86.ActiveCfg = Release|x86
		{B76D937F-B870-447B-87FB-8F5A497BE893}.Release|x86.Build.0 = Release|x86
		{B76D937F-B870-447B-87FB-8F5A497BE893}.Release|x86.Deploy.0 = Release|x86
	EndGlobalSection
	GlobalSection(SolutionProperties) = preSolution
		HideSolutionNode = FALSE
	EndGlobalSection
	GlobalSection(ExtensibilityGlobals) = postSolution
		SolutionGuid = {AF905560-ED4F-4AE7-A87E-8C6B08F080AF}
	EndGlobalSection
EndGlobal
